importers:
  .:
    specifiers: {}
  packages/messages:
    dependencies:
      handlebars: 4.7.6
    devDependencies:
      typescript: 3.9.3
    specifiers:
      handlebars: 4.7.6
      typescript: 3.9.3
  projects/say:
    dependencies:
      messages: 'link:../../packages/messages'
    devDependencies:
      typescript: 3.9.3
    specifiers:
      messages: 'workspace:^1.0.0'
      typescript: 3.9.3
lockfileVersion: 5.1
packages:
  /commander/2.20.3:
    dev: false
    optional: true
    resolution:
      integrity: sha512-GpVkmM8vF2vQUkj2LvZmD35JxeJOLCwJ9cUkugyk2nuhbv3+mJvpLYYt+0+USMxE+oj+ey/lJEnhZw75x/OMcQ==
  /handlebars/4.7.6:
    dependencies:
      minimist: 1.2.5
      neo-async: 2.6.1
      source-map: 0.6.1
      wordwrap: 1.0.0
    dev: false
    engines:
      node: '>=0.4.7'
    hasBin: true
    optionalDependencies:
      uglify-js: 3.9.4
    resolution:
      integrity: sha512-1f2BACcBfiwAfStCKZNrUCgqNZkGsAT7UM3kkYtXuLo0KnaVfjKOyf7PRzB6++aK9STyT1Pd2ZCPe3EGOXleXA==
  /minimist/1.2.5:
    dev: false
    resolution:
      integrity: sha512-FM9nNUYrRBAELZQT3xeZQ7fmMOBg6nWNmJKTcgsJeaLstP/UODVpGsr5OhXhhXg6f+qtJ8uiZ+PUxkDWcgIXLw==
  /neo-async/2.6.1:
    dev: false
    resolution:
      integrity: sha512-iyam8fBuCUpWeKPGpaNMetEocMt364qkCsfL9JuhjXX6dRnguRVOfk2GZaDpPjcOKiiXCPINZC1GczQ7iTq3Zw==
  /source-map/0.6.1:
    dev: false
    engines:
      node: '>=0.10.0'
    resolution:
      integrity: sha512-UjgapumWlbMhkBgzT7Ykc5YXUT46F0iKu8SGXq0bcwP5dz/h0Plj6enJqjz1Zbq2l5WaqYnrVbwWOWMyF3F47g==
  /typescript/3.9.3:
    dev: true
    engines:
      node: '>=4.2.0'
    hasBin: true
    resolution:
      integrity: sha512-D/wqnB2xzNFIcoBG9FG8cXRDjiqSTbG2wd8DMZeQyJlP1vfTkIxH4GKveWaEBYySKIg+USu+E+EDIR47SqnaMQ==
  /uglify-js/3.9.4:
    dependencies:
      commander: 2.20.3
    dev: false
    engines:
      node: '>=0.8.0'
    hasBin: true
    optional: true
    resolution:
      integrity: sha512-8RZBJq5smLOa7KslsNsVcSH+KOXf1uDU8yqLeNuVKwmT0T3FA0ZoXlinQfRad7SDcbZZRZE4ov+2v71EnxNyCA==
  /wordwrap/1.0.0:
    dev: false
    resolution:
      integrity: sha1-J1hIEIkUVqQXHI0CJkQa3pDLyus=
